
Microsoft Visual Studio Solution File, Format Version 12.00
# Visual Studio Version 17
VisualStudioVersion = 17.2.32630.192
MinimumVisualStudioVersion = 10.0.40219.1
Project("{FAE04EC0-301F-11D3-BF4B-00C04F79EFBC}") = "LINENotifyImage", "LINENotifyImage\LINENotifyImage.csproj", "{D41AFE22-33FA-499F-B996-A29BCB35C452}"
EndProject
Global
	GlobalSection(SolutionConfigurationPlatforms) = preSolution
		Debug|Any CPU = Debug|Any CPU
		Release|Any CPU = Release|Any CPU
	EndGlobalSection
	GlobalSection(ProjectConfigurationPlatforms) = postSolution
		{D41AFE22-33FA-499F-B996-A29BCB35C452}.Debug|Any CPU.ActiveCfg = Debug|Any CPU
		{D41AFE22-33FA-499F-B996-A29BCB35C452}.Debug|Any CPU.Build.0 = Debug|Any CPU
		{D41AFE22-33FA-499F-B996-A29BCB35C452}.Release|Any CPU.ActiveCfg = Release|Any CPU
		{D41AFE22-33FA-499F-B996-A29BCB35C452}.Release|Any CPU.Build.0 = Release|Any CPU
	EndGlobalSection
	GlobalSection(SolutionProperties) = preSolution
		HideSolutionNode = FALSE
	EndGlobalSection
	GlobalSection(ExtensibilityGlobals) = postSolution
		SolutionGuid = {226BABDC-F90E-4779-9E24-1A23F681BCDA}
	EndGlobalSection
EndGlobal
